
Microsoft Visual Studio Solution File, Format Version 12.00
# Visual Studio Version 17
VisualStudioVersion = 17.9.34723.18
MinimumVisualStudioVersion = 10.0.40219.1
Project("{9A19103F-16F7-4668-BE54-9A1E7A4F7556}") = "API", "WebApplication1\API.csproj", "{5F80D308-87A9-47AC-B119-A05407907C59}"
EndProject
Project("{9A19103F-16F7-4668-BE54-9A1E7A4F7556}") = "DataBase", "DataBase\DataBase.csproj", "{7862BD2A-1549-4A3E-BA05-2295DE994757}"
EndProject
Project("{9A19103F-16F7-4668-BE54-9A1E7A4F7556}") = "Core", "Core\Core.csproj", "{4B2086D8-F787-4AFD-ACE9-F71C707D11F4}"
EndProject
Global
	GlobalSection(SolutionConfigurationPlatforms) = preSolution
		Debug|Any CPU = Debug|Any CPU
		Release|Any CPU = Release|Any CPU
	EndGlobalSection
	GlobalSection(ProjectConfigurationPlatforms) = postSolution
		{5F80D308-87A9-47AC-B119-A05407907C59}.Debug|Any CPU.ActiveCfg = Debug|Any CPU
		{5F80D308-87A9-47AC-B119-A05407907C59}.Debug|Any CPU.Build.0 = Debug|Any CPU
		{5F80D308-87A9-47AC-B119-A05407907C59}.Release|Any CPU.ActiveCfg = Release|Any CPU
		{5F80D308-87A9-47AC-B119-A05407907C59}.Release|Any CPU.Build.0 = Release|Any CPU
		{7862BD2A-1549-4A3E-BA05-2295DE994757}.Debug|Any CPU.ActiveCfg = Debug|Any CPU
		{7862BD2A-1549-4A3E-BA05-2295DE994757}.Debug|Any CPU.Build.0 = Debug|Any CPU
		{7862BD2A-1549-4A3E-BA05-2295DE994757}.Release|Any CPU.ActiveCfg = Release|Any CPU
		{7862BD2A-1549-4A3E-BA05-2295DE994757}.Release|Any CPU.Build.0 = Release|Any CPU
		{4B2086D8-F787-4AFD-ACE9-F71C707D11F4}.Debug|Any CPU.ActiveCfg = Debug|Any CPU
		{4B2086D8-F787-4AFD-ACE9-F71C707D11F4}.Debug|Any CPU.Build.0 = Debug|Any CPU
		{4B2086D8-F787-4AFD-ACE9-F71C707D11F4}.Release|Any CPU.ActiveCfg = Release|Any CPU
		{4B2086D8-F787-4AFD-ACE9-F71C707D11F4}.Release|Any CPU.Build.0 = Release|Any CPU
	EndGlobalSection
	GlobalSection(SolutionProperties) = preSolution
		HideSolutionNode = FALSE
	EndGlobalSection
	GlobalSection(ExtensibilityGlobals) = postSolution
		SolutionGuid = {17C50186-9B1A-4920-BE68-C2D2A1CEB3DE}
	EndGlobalSection
EndGlobal
